
Microsoft Visual Studio Solution File, Format Version 12.00
# Visual Studio Version 16
VisualStudioVersion = 16.0.30011.22
MinimumVisualStudioVersion = 10.0.40219.1
Project("{FAE04EC0-301F-11D3-BF4B-00C04F79EFBC}") = "NetCore3", "NetCore3\NetCore3.csproj", "{8FD6653E-1C70-4AC0-8F1E-58C0A2929CB4}"
EndProject
Global
	GlobalSection(SolutionConfigurationPlatforms) = preSolution
		Debug|Any CPU = Debug|Any CPU
		Release|Any CPU = Release|Any CPU
	EndGlobalSection
	GlobalSection(ProjectConfigurationPlatforms) = postSolution
		{8FD6653E-1C70-4AC0-8F1E-58C0A2929CB4}.Debug|Any CPU.ActiveCfg = Debug|Any CPU
		{8FD6653E-1C70-4AC0-8F1E-58C0A2929CB4}.Debug|Any CPU.Build.0 = Debug|Any CPU
		{8FD6653E-1C70-4AC0-8F1E-58C0A2929CB4}.Release|Any CPU.ActiveCfg = Release|Any CPU
		{8FD6653E-1C70-4AC0-8F1E-58C0A2929CB4}.Release|Any CPU.Build.0 = Release|Any CPU
	EndGlobalSection
	GlobalSection(SolutionProperties) = preSolution
		HideSolutionNode = FALSE
	EndGlobalSection
	GlobalSection(ExtensibilityGlobals) = postSolution
		SolutionGuid = {2BD9D1B7-2F2A-45F4-B7E1-46EC2E557A48}
	EndGlobalSection
EndGlobal
